// !$*UTF8*$!
{
	archiveVersion = 1;
	classes = {
	};
	objectVersion = 51;
	objects = {

/* Begin PBXBuildFile section */
		1BBC3EACB5DFA2804ABF4BA8 /* Pods_GiphyTest_GiphyTestUITests.framework in Frameworks */ = {isa = PBXBuildFile; fileRef = DE0339725131BF5AD2146453 /* Pods_GiphyTest_GiphyTestUITests.framework */; };
		3212587426B9580200B9F1FC /* Constants.swift in Sources */ = {isa = PBXBuildFile; fileRef = 3212587326B9580200B9F1FC /* Constants.swift */; };
		3212587C26B9594600B9F1FC /* GifCell.swift in Sources */ = {isa = PBXBuildFile; fileRef = 3212587B26B9594600B9F1FC /* GifCell.swift */; };
		321258A426B96B5B00B9F1FC /* JSONParameterEncoder.swift in Sources */ = {isa = PBXBuildFile; fileRef = 321258A326B96B5B00B9F1FC /* JSONParameterEncoder.swift */; };
		321258A926B96B6C00B9F1FC /* URLParameterEncoding.swift in Sources */ = {isa = PBXBuildFile; fileRef = 321258A826B96B6C00B9F1FC /* URLParameterEncoding.swift */; };
		321258AE26B96B7F00B9F1FC /* ParameterEncoding.swift in Sources */ = {isa = PBXBuildFile; fileRef = 321258AD26B96B7F00B9F1FC /* ParameterEncoding.swift */; };
		321258B326B96B9900B9F1FC /* NetworkLogger.swift in Sources */ = {isa = PBXBuildFile; fileRef = 321258B226B96B9900B9F1FC /* NetworkLogger.swift */; };
		321258B826B96BAC00B9F1FC /* HTTPTask.swift in Sources */ = {isa = PBXBuildFile; fileRef = 321258B726B96BAC00B9F1FC /* HTTPTask.swift */; };
		321258BD26B96BBD00B9F1FC /* HTTPMethod.swift in Sources */ = {isa = PBXBuildFile; fileRef = 321258BC26B96BBD00B9F1FC /* HTTPMethod.swift */; };
		321258C226B96BD200B9F1FC /* Router.swift in Sources */ = {isa = PBXBuildFile; fileRef = 321258C126B96BD200B9F1FC /* Router.swift */; };
		321258C726B96BE100B9F1FC /* EndPointType.swift in Sources */ = {isa = PBXBuildFile; fileRef = 321258C626B96BE100B9F1FC /* EndPointType.swift */; };
		321258CC26B96BF600B9F1FC /* NetworkManager.swift in Sources */ = {isa = PBXBuildFile; fileRef = 321258CB26B96BF600B9F1FC /* NetworkManager.swift */; };
		321258D126B96C2E00B9F1FC /* GiphyEndPoint.swift in Sources */ = {isa = PBXBuildFile; fileRef = 321258D026B96C2E00B9F1FC /* GiphyEndPoint.swift */; };
		3218EE2426B9758300FEFC96 /* InitialConfigurations.swift in Sources */ = {isa = PBXBuildFile; fileRef = 3218EE2326B9758300FEFC96 /* InitialConfigurations.swift */; };
		3218EE4526B9841900FEFC96 /* GiphyApiResponse.swift in Sources */ = {isa = PBXBuildFile; fileRef = 3218EE4426B9841900FEFC96 /* GiphyApiResponse.swift */; };
		3218EE4A26B9844100FEFC96 /* Giphy.swift in Sources */ = {isa = PBXBuildFile; fileRef = 3218EE4926B9844100FEFC96 /* Giphy.swift */; };
		3218EE4F26B9847200FEFC96 /* Images.swift in Sources */ = {isa = PBXBuildFile; fileRef = 3218EE4E26B9847200FEFC96 /* Images.swift */; };
		3218EE5426B984A400FEFC96 /* User.swift in Sources */ = {isa = PBXBuildFile; fileRef = 3218EE5326B984A400FEFC96 /* User.swift */; };
		3218EE5926B9870200FEFC96 /* UIImageView+Extension.swift in Sources */ = {isa = PBXBuildFile; fileRef = 3218EE5826B9870200FEFC96 /* UIImageView+Extension.swift */; };
		3218EE5E26B988BD00FEFC96 /* UIImage+Extension.swift in Sources */ = {isa = PBXBuildFile; fileRef = 3218EE5D26B988BD00FEFC96 /* UIImage+Extension.swift */; };
		3218EE9226B98E9600FEFC96 /* UIViewController+Extension.swift in Sources */ = {isa = PBXBuildFile; fileRef = 3218EE9126B98E9600FEFC96 /* UIViewController+Extension.swift */; };
		3218EE9826B98F6C00FEFC96 /* RealmManager.swift in Sources */ = {isa = PBXBuildFile; fileRef = 3218EE9726B98F6C00FEFC96 /* RealmManager.swift */; };
		3218EEA026B98FD600FEFC96 /* Gif.swift in Sources */ = {isa = PBXBuildFile; fileRef = 3218EE9F26B98FD600FEFC96 /* Gif.swift */; };
		32E04A2026B93291004602DF /* AppDelegate.swift in Sources */ = {isa = PBXBuildFile; fileRef = 32E04A1F26B93291004602DF /* AppDelegate.swift */; };
		32E04A2926B93293004602DF /* Assets.xcassets in Resources */ = {isa = PBXBuildFile; fileRef = 32E04A2826B93293004602DF /* Assets.xcassets */; };
		32E04A2C26B93293004602DF /* LaunchScreen.storyboard in Resources */ = {isa = PBXBuildFile; fileRef = 32E04A2A26B93293004602DF /* LaunchScreen.storyboard */; };
		32E04A3726B93294004602DF /* GiphyTestTests.swift in Sources */ = {isa = PBXBuildFile; fileRef = 32E04A3626B93294004602DF /* GiphyTestTests.swift */; };
		32E04A4226B93294004602DF /* GiphyTestUITests.swift in Sources */ = {isa = PBXBuildFile; fileRef = 32E04A4126B93294004602DF /* GiphyTestUITests.swift */; };
		32E04A7F26B939C0004602DF /* AppCoordinator.swift in Sources */ = {isa = PBXBuildFile; fileRef = 32E04A7E26B939C0004602DF /* AppCoordinator.swift */; };
		32E04A8426B939E3004602DF /* MainCoordinator.swift in Sources */ = {isa = PBXBuildFile; fileRef = 32E04A8326B939E3004602DF /* MainCoordinator.swift */; };
		32FAD40B26B95086001EA393 /* CoordinatorProtocol.swift in Sources */ = {isa = PBXBuildFile; fileRef = 32FAD40A26B95086001EA393 /* CoordinatorProtocol.swift */; };
		32FAD41126B950E3001EA393 /* SearchGiphy.swift in Sources */ = {isa = PBXBuildFile; fileRef = 32FAD41026B950E3001EA393 /* SearchGiphy.swift */; };
		32FAD42326B95329001EA393 /* UIApplication+Extension.swift in Sources */ = {isa = PBXBuildFile; fileRef = 32FAD42226B95329001EA393 /* UIApplication+Extension.swift */; };
		32FAD43126B955E9001EA393 /* GiphyViewModel.swift in Sources */ = {isa = PBXBuildFile; fileRef = 32FAD43026B955E9001EA393 /* GiphyViewModel.swift */; };
		32FAD43926B95610001EA393 /* GiphyListController.swift in Sources */ = {isa = PBXBuildFile; fileRef = 32FAD43826B95610001EA393 /* GiphyListController.swift */; };
		6EFDA71C1DE63534BBFDC042 /* Pods_GiphyTest.framework in Frameworks */ = {isa = PBXBuildFile; fileRef = 097A820ED134AB845D8BA4C0 /* Pods_GiphyTest.framework */; };
		9D5A826B1D46AFBD4069C761 /* Pods_GiphyTestTests.framework in Frameworks */ = {isa = PBXBuildFile; fileRef = F95893063C578FE6375FCA7F /* Pods_GiphyTestTests.framework */; };
/* End PBXBuildFile section */

/* Begin PBXContainerItemProxy section */
		32E04A3326B93294004602DF /* PBXContainerItemProxy */ = {
			isa = PBXContainerItemProxy;
			containerPortal = 32E04A1426B93290004602DF /* Project object */;
			proxyType = 1;
			remoteGlobalIDString = 32E04A1B26B93290004602DF;
			remoteInfo = GiphyTest;
		};
		32E04A3E26B93294004602DF /* PBXContainerItemProxy */ = {
			isa = PBXContainerItemProxy;
			containerPortal = 32E04A1426B93290004602DF /* Project object */;
			proxyType = 1;
			remoteGlobalIDString = 32E04A1B26B93290004602DF;
			remoteInfo = GiphyTest;
		};
/* End PBXContainerItemProxy section */

/* Begin PBXFileReference section */
		097A820ED134AB845D8BA4C0 /* Pods_GiphyTest.framework */ = {isa = PBXFileReference; explicitFileType = wrapper.framework; includeInIndex = 0; path = Pods_GiphyTest.framework; sourceTree = BUILT_PRODUCTS_DIR; };
		3212587326B9580200B9F1FC /* Constants.swift */ = {isa = PBXFileReference; lastKnownFileType = sourcecode.swift; path = Constants.swift; sourceTree = "<group>"; };
		3212587B26B9594600B9F1FC /* GifCell.swift */ = {isa = PBXFileReference; lastKnownFileType = sourcecode.swift; path = GifCell.swift; sourceTree = "<group>"; };
		321258A326B96B5B00B9F1FC /* JSONParameterEncoder.swift */ = {isa = PBXFileReference; lastKnownFileType = sourcecode.swift; path = JSONParameterEncoder.swift; sourceTree = "<group>"; };
		321258A826B96B6C00B9F1FC /* URLParameterEncoding.swift */ = {isa = PBXFileReference; lastKnownFileType = sourcecode.swift; path = URLParameterEncoding.swift; sourceTree = "<group>"; };
		321258AD26B96B7F00B9F1FC /* ParameterEncoding.swift */ = {isa = PBXFileReference; lastKnownFileType = sourcecode.swift; path = ParameterEncoding.swift; sourceTree = "<group>"; };
		321258B226B96B9900B9F1FC /* NetworkLogger.swift */ = {isa = PBXFileReference; lastKnownFileType = sourcecode.swift; path = NetworkLogger.swift; sourceTree = "<group>"; };
		321258B726B96BAC00B9F1FC /* HTTPTask.swift */ = {isa = PBXFileReference; lastKnownFileType = sourcecode.swift; path = HTTPTask.swift; sourceTree = "<group>"; };
		321258BC26B96BBD00B9F1FC /* HTTPMethod.swift */ = {isa = PBXFileReference; lastKnownFileType = sourcecode.swift; path = HTTPMethod.swift; sourceTree = "<group>"; };
		321258C126B96BD200B9F1FC /* Router.swift */ = {isa = PBXFileReference; lastKnownFileType = sourcecode.swift; path = Router.swift; sourceTree = "<group>"; };
		321258C626B96BE100B9F1FC /* EndPointType.swift */ = {isa = PBXFileReference; lastKnownFileType = sourcecode.swift; path = EndPointType.swift; sourceTree = "<group>"; };
		321258CB26B96BF600B9F1FC /* NetworkManager.swift */ = {isa = PBXFileReference; lastKnownFileType = sourcecode.swift; path = NetworkManager.swift; sourceTree = "<group>"; };
		321258D026B96C2E00B9F1FC /* GiphyEndPoint.swift */ = {isa = PBXFileReference; lastKnownFileType = sourcecode.swift; path = GiphyEndPoint.swift; sourceTree = "<group>"; };
		3218EE2326B9758300FEFC96 /* InitialConfigurations.swift */ = {isa = PBXFileReference; lastKnownFileType = sourcecode.swift; path = InitialConfigurations.swift; sourceTree = "<group>"; };
		3218EE4426B9841900FEFC96 /* GiphyApiResponse.swift */ = {isa = PBXFileReference; lastKnownFileType = sourcecode.swift; path = GiphyApiResponse.swift; sourceTree = "<group>"; };
		3218EE4926B9844100FEFC96 /* Giphy.swift */ = {isa = PBXFileReference; lastKnownFileType = sourcecode.swift; path = Giphy.swift; sourceTree = "<group>"; };
		3218EE4E26B9847200FEFC96 /* Images.swift */ = {isa = PBXFileReference; lastKnownFileType = sourcecode.swift; path = Images.swift; sourceTree = "<group>"; };
		3218EE5326B984A400FEFC96 /* User.swift */ = {isa = PBXFileReference; lastKnownFileType = sourcecode.swift; path = User.swift; sourceTree = "<group>"; };
		3218EE5826B9870200FEFC96 /* UIImageView+Extension.swift */ = {isa = PBXFileReference; lastKnownFileType = sourcecode.swift; path = "UIImageView+Extension.swift"; sourceTree = "<group>"; };
		3218EE5D26B988BD00FEFC96 /* UIImage+Extension.swift */ = {isa = PBXFileReference; lastKnownFileType = sourcecode.swift; path = "UIImage+Extension.swift"; sourceTree = "<group>"; };
		3218EE9126B98E9600FEFC96 /* UIViewController+Extension.swift */ = {isa = PBXFileReference; lastKnownFileType = sourcecode.swift; path = "UIViewController+Extension.swift"; sourceTree = "<group>"; };
		3218EE9726B98F6C00FEFC96 /* RealmManager.swift */ = {isa = PBXFileReference; lastKnownFileType = sourcecode.swift; path = RealmManager.swift; sourceTree = "<group>"; };
		3218EE9F26B98FD600FEFC96 /* Gif.swift */ = {isa = PBXFileReference; lastKnownFileType = sourcecode.swift; path = Gif.swift; sourceTree = "<group>"; };
		32E04A1C26B93291004602DF /* GiphyTest.app */ = {isa = PBXFileReference; explicitFileType = wrapper.application; includeInIndex = 0; path = GiphyTest.app; sourceTree = BUILT_PRODUCTS_DIR; };
		32E04A1F26B93291004602DF /* AppDelegate.swift */ = {isa = PBXFileReference; lastKnownFileType = sourcecode.swift; path = AppDelegate.swift; sourceTree = "<group>"; };
		32E04A2826B93293004602DF /* Assets.xcassets */ = {isa = PBXFileReference; lastKnownFileType = folder.assetcatalog; path = Assets.xcassets; sourceTree = "<group>"; };
		32E04A2B26B93293004602DF /* Base */ = {isa = PBXFileReference; lastKnownFileType = file.storyboard; name = Base; path = Base.lproj/LaunchScreen.storyboard; sourceTree = "<group>"; };
		32E04A2D26B93293004602DF /* Info.plist */ = {isa = PBXFileReference; lastKnownFileType = text.plist.xml; path = Info.plist; sourceTree = "<group>"; };
		32E04A3226B93294004602DF /* GiphyTestTests.xctest */ = {isa = PBXFileReference; explicitFileType = wrapper.cfbundle; includeInIndex = 0; path = GiphyTestTests.xctest; sourceTree = BUILT_PRODUCTS_DIR; };
		32E04A3626B93294004602DF /* GiphyTestTests.swift */ = {isa = PBXFileReference; lastKnownFileType = sourcecode.swift; path = GiphyTestTests.swift; sourceTree = "<group>"; };
		32E04A3826B93294004602DF /* Info.plist */ = {isa = PBXFileReference; lastKnownFileType = text.plist.xml; path = Info.plist; sourceTree = "<group>"; };
		32E04A3D26B93294004602DF /* GiphyTestUITests.xctest */ = {isa = PBXFileReference; explicitFileType = wrapper.cfbundle; includeInIndex = 0; path = GiphyTestUITests.xctest; sourceTree = BUILT_PRODUCTS_DIR; };
		32E04A4126B93294004602DF /* GiphyTestUITests.swift */ = {isa = PBXFileReference; lastKnownFileType = sourcecode.swift; path = GiphyTestUITests.swift; sourceTree = "<group>"; };
		32E04A4326B93294004602DF /* Info.plist */ = {isa = PBXFileReference; lastKnownFileType = text.plist.xml; path = Info.plist; sourceTree = "<group>"; };
		32E04A7E26B939C0004602DF /* AppCoordinator.swift */ = {isa = PBXFileReference; lastKnownFileType = sourcecode.swift; path = AppCoordinator.swift; sourceTree = "<group>"; };
		32E04A8326B939E3004602DF /* MainCoordinator.swift */ = {isa = PBXFileReference; lastKnownFileType = sourcecode.swift; path = MainCoordinator.swift; sourceTree = "<group>"; };
		32FAD40A26B95086001EA393 /* CoordinatorProtocol.swift */ = {isa = PBXFileReference; lastKnownFileType = sourcecode.swift; path = CoordinatorProtocol.swift; sourceTree = "<group>"; };
		32FAD41026B950E3001EA393 /* SearchGiphy.swift */ = {isa = PBXFileReference; lastKnownFileType = sourcecode.swift; path = SearchGiphy.swift; sourceTree = "<group>"; };
		32FAD42226B95329001EA393 /* UIApplication+Extension.swift */ = {isa = PBXFileReference; lastKnownFileType = sourcecode.swift; path = "UIApplication+Extension.swift"; sourceTree = "<group>"; };
		32FAD43026B955E9001EA393 /* GiphyViewModel.swift */ = {isa = PBXFileReference; lastKnownFileType = sourcecode.swift; path = GiphyViewModel.swift; sourceTree = "<group>"; };
		32FAD43826B95610001EA393 /* GiphyListController.swift */ = {isa = PBXFileReference; lastKnownFileType = sourcecode.swift; path = GiphyListController.swift; sourceTree = "<group>"; };
		350F582D1288D5546A9AB411 /* Pods-GiphyTest.debug.xcconfig */ = {isa = PBXFileReference; includeInIndex = 1; lastKnownFileType = text.xcconfig; name = "Pods-GiphyTest.debug.xcconfig"; path = "Target Support Files/Pods-GiphyTest/Pods-GiphyTest.debug.xcconfig"; sourceTree = "<group>"; };
		418B4BD09066506770FB5EE7 /* Pods-GiphyTest.release.xcconfig */ = {isa = PBXFileReference; includeInIndex = 1; lastKnownFileType = text.xcconfig; name = "Pods-GiphyTest.release.xcconfig"; path = "Target Support Files/Pods-GiphyTest/Pods-GiphyTest.release.xcconfig"; sourceTree = "<group>"; };
		6EC979FF938918C2AAD34CF3 /* Pods-GiphyTest-GiphyTestUITests.debug.xcconfig */ = {isa = PBXFileReference; includeInIndex = 1; lastKnownFileType = text.xcconfig; name = "Pods-GiphyTest-GiphyTestUITests.debug.xcconfig"; path = "Target Support Files/Pods-GiphyTest-GiphyTestUITests/Pods-GiphyTest-GiphyTestUITests.debug.xcconfig"; sourceTree = "<group>"; };
		A33CD845B6598C0ADF681272 /* Pods-GiphyTest-GiphyTestUITests.release.xcconfig */ = {isa = PBXFileReference; includeInIndex = 1; lastKnownFileType = text.xcconfig; name = "Pods-GiphyTest-GiphyTestUITests.release.xcconfig"; path = "Target Support Files/Pods-GiphyTest-GiphyTestUITests/Pods-GiphyTest-GiphyTestUITests.release.xcconfig"; sourceTree = "<group>"; };
		CBB129AA1C64BE662CD75D79 /* Pods-GiphyTestTests.debug.xcconfig */ = {isa = PBXFileReference; includeInIndex = 1; lastKnownFileType = text.xcconfig; name = "Pods-GiphyTestTests.debug.xcconfig"; path = "Target Support Files/Pods-GiphyTestTests/Pods-GiphyTestTests.debug.xcconfig"; sourceTree = "<group>"; };
		CE41ED2D9AE877E8F54DAF48 /* Pods-GiphyTestTests.release.xcconfig */ = {isa = PBXFileReference; includeInIndex = 1; lastKnownFileType = text.xcconfig; name = "Pods-GiphyTestTests.release.xcconfig"; path = "Target Support Files/Pods-GiphyTestTests/Pods-GiphyTestTests.release.xcconfig"; sourceTree = "<group>"; };
		DE0339725131BF5AD2146453 /* Pods_GiphyTest_GiphyTestUITests.framework */ = {isa = PBXFileReference; explicitFileType = wrapper.framework; includeInIndex = 0; path = Pods_GiphyTest_GiphyTestUITests.framework; sourceTree = BUILT_PRODUCTS_DIR; };
		F95893063C578FE6375FCA7F /* Pods_GiphyTestTests.framework */ = {isa = PBXFileReference; explicitFileType = wrapper.framework; includeInIndex = 0; path = Pods_GiphyTestTests.framework; sourceTree = BUILT_PRODUCTS_DIR; };
/* End PBXFileReference section */

/* Begin PBXFrameworksBuildPhase section */
		32E04A1926B93290004602DF /* Frameworks */ = {
			isa = PBXFrameworksBuildPhase;
			buildActionMask = 2147483647;
			files = (
				6EFDA71C1DE63534BBFDC042 /* Pods_GiphyTest.framework in Frameworks */,
			);
			runOnlyForDeploymentPostprocessing = 0;
		};
		32E04A2F26B93294004602DF /* Frameworks */ = {
			isa = PBXFrameworksBuildPhase;
			buildActionMask = 2147483647;
			files = (
				9D5A826B1D46AFBD4069C761 /* Pods_GiphyTestTests.framework in Frameworks */,
			);
			runOnlyForDeploymentPostprocessing = 0;
		};
		32E04A3A26B93294004602DF /* Frameworks */ = {
			isa = PBXFrameworksBuildPhase;
			buildActionMask = 2147483647;
			files = (
				1BBC3EACB5DFA2804ABF4BA8 /* Pods_GiphyTest_GiphyTestUITests.framework in Frameworks */,
			);
			runOnlyForDeploymentPostprocessing = 0;
		};
/* End PBXFrameworksBuildPhase section */

/* Begin PBXGroup section */
		130790B955DD02C60307B5A1 /* Frameworks */ = {
			isa = PBXGroup;
			children = (
				097A820ED134AB845D8BA4C0 /* Pods_GiphyTest.framework */,
				DE0339725131BF5AD2146453 /* Pods_GiphyTest_GiphyTestUITests.framework */,
				F95893063C578FE6375FCA7F /* Pods_GiphyTestTests.framework */,
			);
			name = Frameworks;
			sourceTree = "<group>";
		};
		3212587126B957A500B9F1FC /* View */ = {
			isa = PBXGroup;
			children = (
				3212587226B957AA00B9F1FC /* Cell */,
			);
			path = View;
			sourceTree = "<group>";
		};
		3212587226B957AA00B9F1FC /* Cell */ = {
			isa = PBXGroup;
			children = (
				3212587B26B9594600B9F1FC /* GifCell.swift */,
			);
			path = Cell;
			sourceTree = "<group>";
		};
		3212589F26B96B1A00B9F1FC /* Encoding */ = {
			isa = PBXGroup;
			children = (
				321258A326B96B5B00B9F1FC /* JSONParameterEncoder.swift */,
				321258A826B96B6C00B9F1FC /* URLParameterEncoding.swift */,
				321258AD26B96B7F00B9F1FC /* ParameterEncoding.swift */,
			);
			path = Encoding;
			sourceTree = "<group>";
		};
		321258A026B96B2000B9F1FC /* Service */ = {
			isa = PBXGroup;
			children = (
				321258B226B96B9900B9F1FC /* NetworkLogger.swift */,
				321258B726B96BAC00B9F1FC /* HTTPTask.swift */,
				321258BC26B96BBD00B9F1FC /* HTTPMethod.swift */,
				321258C126B96BD200B9F1FC /* Router.swift */,
				321258C626B96BE100B9F1FC /* EndPointType.swift */,
			);
			path = Service;
			sourceTree = "<group>";
		};
		321258A126B96B2600B9F1FC /* Manager */ = {
			isa = PBXGroup;
			children = (
				321258CB26B96BF600B9F1FC /* NetworkManager.swift */,
			);
			path = Manager;
			sourceTree = "<group>";
		};
		321258A226B96B2C00B9F1FC /* EndPoint */ = {
			isa = PBXGroup;
			children = (
				321258D026B96C2E00B9F1FC /* GiphyEndPoint.swift */,
			);
			path = EndPoint;
			sourceTree = "<group>";
		};
		3218EE1F26B9757A00FEFC96 /* Initial Configurations */ = {
			isa = PBXGroup;
			children = (
				3218EE2326B9758300FEFC96 /* InitialConfigurations.swift */,
			);
			path = "Initial Configurations";
			sourceTree = "<group>";
		};
		3218EE9626B98F5C00FEFC96 /* Database */ = {
			isa = PBXGroup;
			children = (
				3218EE9726B98F6C00FEFC96 /* RealmManager.swift */,
			);
			path = Database;
			sourceTree = "<group>";
		};
		32E04A1326B93290004602DF = {
			isa = PBXGroup;
			children = (
				32E04A1E26B93291004602DF /* GiphyTest */,
				32E04A3526B93294004602DF /* GiphyTestTests */,
				32E04A4026B93294004602DF /* GiphyTestUITests */,
				32E04A1D26B93291004602DF /* Products */,
				FDBC1058A65A89E589D23DCB /* Pods */,
				130790B955DD02C60307B5A1 /* Frameworks */,
			);
			sourceTree = "<group>";
		};
		32E04A1D26B93291004602DF /* Products */ = {
			isa = PBXGroup;
			children = (
				32E04A1C26B93291004602DF /* GiphyTest.app */,
				32E04A3226B93294004602DF /* GiphyTestTests.xctest */,
				32E04A3D26B93294004602DF /* GiphyTestUITests.xctest */,
			);
			name = Products;
			sourceTree = "<group>";
		};
		32E04A1E26B93291004602DF /* GiphyTest */ = {
			isa = PBXGroup;
			children = (
				32E04A6E26B9374D004602DF /* App Delegate */,
				32E04A7226B9376C004602DF /* Managers */,
				32E04A7326B9377A004602DF /* Model */,
				32E04A7426B9377F004602DF /* Modules */,
				32E04A7526B9378B004602DF /* Static */,
				32E04A7626B93790004602DF /* Utils */,
				32E04A7726B93797004602DF /* Supporting Files */,
			);
			path = GiphyTest;
			sourceTree = "<group>";
		};
		32E04A3526B93294004602DF /* GiphyTestTests */ = {
			isa = PBXGroup;
			children = (
				32E04A3626B93294004602DF /* GiphyTestTests.swift */,
				32E04A3826B93294004602DF /* Info.plist */,
			);
			path = GiphyTestTests;
			sourceTree = "<group>";
		};
		32E04A4026B93294004602DF /* GiphyTestUITests */ = {
			isa = PBXGroup;
			children = (
				32E04A4126B93294004602DF /* GiphyTestUITests.swift */,
				32E04A4326B93294004602DF /* Info.plist */,
			);
			path = GiphyTestUITests;
			sourceTree = "<group>";
		};
		32E04A6E26B9374D004602DF /* App Delegate */ = {
			isa = PBXGroup;
			children = (
				32E04A1F26B93291004602DF /* AppDelegate.swift */,
			);
			path = "App Delegate";
			sourceTree = "<group>";
		};
		32E04A7226B9376C004602DF /* Managers */ = {
			isa = PBXGroup;
			children = (
				3218EE1F26B9757A00FEFC96 /* Initial Configurations */,
				32E04A7D26B939A9004602DF /* Coordinator */,
				32E04A7C26B9381A004602DF /* Network */,
				3218EE9626B98F5C00FEFC96 /* Database */,
			);
			path = Managers;
			sourceTree = "<group>";
		};
		32E04A7326B9377A004602DF /* Model */ = {
			isa = PBXGroup;
			children = (
				3218EE4426B9841900FEFC96 /* GiphyApiResponse.swift */,
				3218EE4926B9844100FEFC96 /* Giphy.swift */,
				3218EE4E26B9847200FEFC96 /* Images.swift */,
				3218EE5326B984A400FEFC96 /* User.swift */,
				3218EE9F26B98FD600FEFC96 /* Gif.swift */,
			);
			path = Model;
			sourceTree = "<group>";
		};
		32E04A7426B9377F004602DF /* Modules */ = {
			isa = PBXGroup;
			children = (
				32FAD42D26B9553D001EA393 /* GiphyList */,
			);
			path = Modules;
			sourceTree = "<group>";
		};
		32E04A7526B9378B004602DF /* Static */ = {
			isa = PBXGroup;
			children = (
				3212587326B9580200B9F1FC /* Constants.swift */,
			);
			path = Static;
			sourceTree = "<group>";
		};
		32E04A7626B93790004602DF /* Utils */ = {
			isa = PBXGroup;
			children = (
				32FAD42126B9531A001EA393 /* Extensions */,
				32FAD40926B95073001EA393 /* Base Protocols */,
			);
			path = Utils;
			sourceTree = "<group>";
		};
		32E04A7726B93797004602DF /* Supporting Files */ = {
			isa = PBXGroup;
			children = (
				32E04A7826B937B4004602DF /* info Plist */,
				32E04A2826B93293004602DF /* Assets.xcassets */,
				32E04A2A26B93293004602DF /* LaunchScreen.storyboard */,
			);
			path = "Supporting Files";
			sourceTree = "<group>";
		};
		32E04A7826B937B4004602DF /* info Plist */ = {
			isa = PBXGroup;
			children = (
				32E04A2D26B93293004602DF /* Info.plist */,
			);
			path = "info Plist";
			sourceTree = "<group>";
		};
		32E04A7C26B9381A004602DF /* Network */ = {
			isa = PBXGroup;
			children = (
				321258A226B96B2C00B9F1FC /* EndPoint */,
				321258A126B96B2600B9F1FC /* Manager */,
				321258A026B96B2000B9F1FC /* Service */,
				3212589F26B96B1A00B9F1FC /* Encoding */,
			);
			path = Network;
			sourceTree = "<group>";
		};
		32E04A7D26B939A9004602DF /* Coordinator */ = {
			isa = PBXGroup;
			children = (
				32E04A7E26B939C0004602DF /* AppCoordinator.swift */,
				32E04A8326B939E3004602DF /* MainCoordinator.swift */,
				32FAD40F26B950CF001EA393 /* Routes */,
			);
			path = Coordinator;
			sourceTree = "<group>";
		};
		32FAD40926B95073001EA393 /* Base Protocols */ = {
			isa = PBXGroup;
			children = (
				32FAD40A26B95086001EA393 /* CoordinatorProtocol.swift */,
			);
			path = "Base Protocols";
			sourceTree = "<group>";
		};
		32FAD40F26B950CF001EA393 /* Routes */ = {
			isa = PBXGroup;
			children = (
				32FAD41026B950E3001EA393 /* SearchGiphy.swift */,
			);
			path = Routes;
			sourceTree = "<group>";
		};
		32FAD42126B9531A001EA393 /* Extensions */ = {
			isa = PBXGroup;
			children = (
				32FAD42226B95329001EA393 /* UIApplication+Extension.swift */,
				3218EE5826B9870200FEFC96 /* UIImageView+Extension.swift */,
				3218EE5D26B988BD00FEFC96 /* UIImage+Extension.swift */,
				3218EE9126B98E9600FEFC96 /* UIViewController+Extension.swift */,
			);
			path = Extensions;
			sourceTree = "<group>";
		};
		32FAD42D26B9553D001EA393 /* GiphyList */ = {
			isa = PBXGroup;
			children = (
				3212587126B957A500B9F1FC /* View */,
				32FAD42E26B955C1001EA393 /* Controller */,
				32FAD42F26B955C8001EA393 /* ViewModel */,
			);
			path = GiphyList;
			sourceTree = "<group>";
		};
		32FAD42E26B955C1001EA393 /* Controller */ = {
			isa = PBXGroup;
			children = (
				32FAD43826B95610001EA393 /* GiphyListController.swift */,
			);
			path = Controller;
			sourceTree = "<group>";
		};
		32FAD42F26B955C8001EA393 /* ViewModel */ = {
			isa = PBXGroup;
			children = (
				32FAD43026B955E9001EA393 /* GiphyViewModel.swift */,
			);
			path = ViewModel;
			sourceTree = "<group>";
		};
		FDBC1058A65A89E589D23DCB /* Pods */ = {
			isa = PBXGroup;
			children = (
				350F582D1288D5546A9AB411 /* Pods-GiphyTest.debug.xcconfig */,
				418B4BD09066506770FB5EE7 /* Pods-GiphyTest.release.xcconfig */,
				6EC979FF938918C2AAD34CF3 /* Pods-GiphyTest-GiphyTestUITests.debug.xcconfig */,
				A33CD845B6598C0ADF681272 /* Pods-GiphyTest-GiphyTestUITests.release.xcconfig */,
				CBB129AA1C64BE662CD75D79 /* Pods-GiphyTestTests.debug.xcconfig */,
				CE41ED2D9AE877E8F54DAF48 /* Pods-GiphyTestTests.release.xcconfig */,
			);
			path = Pods;
			sourceTree = "<group>";
		};
/* End PBXGroup section */

/* Begin PBXNativeTarget section */
		32E04A1B26B93290004602DF /* GiphyTest */ = {
			isa = PBXNativeTarget;
			buildConfigurationList = 32E04A4626B93294004602DF /* Build configuration list for PBXNativeTarget "GiphyTest" */;
			buildPhases = (
				E53F40B97200D182B5C07D32 /* [CP] Check Pods Manifest.lock */,
				32E04A1826B93290004602DF /* Sources */,
				32E04A1926B93290004602DF /* Frameworks */,
				32E04A1A26B93290004602DF /* Resources */,
				DCC5D016B105461EBB455235 /* [CP] Embed Pods Frameworks */,
			);
			buildRules = (
			);
			dependencies = (
			);
			name = GiphyTest;
			productName = GiphyTest;
			productReference = 32E04A1C26B93291004602DF /* GiphyTest.app */;
			productType = "com.apple.product-type.application";
		};
		32E04A3126B93294004602DF /* GiphyTestTests */ = {
			isa = PBXNativeTarget;
			buildConfigurationList = 32E04A4926B93294004602DF /* Build configuration list for PBXNativeTarget "GiphyTestTests" */;
			buildPhases = (
				79E5A3978B6E726937725363 /* [CP] Check Pods Manifest.lock */,
				32E04A2E26B93294004602DF /* Sources */,
				32E04A2F26B93294004602DF /* Frameworks */,
				32E04A3026B93294004602DF /* Resources */,
			);
			buildRules = (
			);
			dependencies = (
				32E04A3426B93294004602DF /* PBXTargetDependency */,
			);
			name = GiphyTestTests;
			productName = GiphyTestTests;
			productReference = 32E04A3226B93294004602DF /* GiphyTestTests.xctest */;
			productType = "com.apple.product-type.bundle.unit-test";
		};
		32E04A3C26B93294004602DF /* GiphyTestUITests */ = {
			isa = PBXNativeTarget;
			buildConfigurationList = 32E04A4C26B93294004602DF /* Build configuration list for PBXNativeTarget "GiphyTestUITests" */;
			buildPhases = (
				BDBB6085BA9AC3F2D3278B1D /* [CP] Check Pods Manifest.lock */,
				32E04A3926B93294004602DF /* Sources */,
				32E04A3A26B93294004602DF /* Frameworks */,
				32E04A3B26B93294004602DF /* Resources */,
				97F828728846584B18168416 /* [CP] Embed Pods Frameworks */,
			);
			buildRules = (
			);
			dependencies = (
				32E04A3F26B93294004602DF /* PBXTargetDependency */,
			);
			name = GiphyTestUITests;
			productName = GiphyTestUITests;
			productReference = 32E04A3D26B93294004602DF /* GiphyTestUITests.xctest */;
			productType = "com.apple.product-type.bundle.ui-testing";
		};
/* End PBXNativeTarget section */

/* Begin PBXProject section */
		32E04A1426B93290004602DF /* Project object */ = {
			isa = PBXProject;
			attributes = {
				LastSwiftUpdateCheck = 1240;
				LastUpgradeCheck = 1240;
				TargetAttributes = {
					32E04A1B26B93290004602DF = {
						CreatedOnToolsVersion = 12.4;
					};
					32E04A3126B93294004602DF = {
						CreatedOnToolsVersion = 12.4;
						TestTargetID = 32E04A1B26B93290004602DF;
					};
					32E04A3C26B93294004602DF = {
						CreatedOnToolsVersion = 12.4;
						TestTargetID = 32E04A1B26B93290004602DF;
					};
				};
			};
			buildConfigurationList = 32E04A1726B93290004602DF /* Build configuration list for PBXProject "GiphyTest" */;
			compatibilityVersion = "Xcode 9.3";
			developmentRegion = en;
			hasScannedForEncodings = 0;
			knownRegions = (
				en,
				Base,
			);
			mainGroup = 32E04A1326B93290004602DF;
			productRefGroup = 32E04A1D26B93291004602DF /* Products */;
			projectDirPath = "";
			projectRoot = "";
			targets = (
				32E04A1B26B93290004602DF /* GiphyTest */,
				32E04A3126B93294004602DF /* GiphyTestTests */,
				32E04A3C26B93294004602DF /* GiphyTestUITests */,
			);
		};
/* End PBXProject section */

/* Begin PBXResourcesBuildPhase section */
		32E04A1A26B93290004602DF /* Resources */ = {
			isa = PBXResourcesBuildPhase;
			buildActionMask = 2147483647;
			files = (
				32E04A2C26B93293004602DF /* LaunchScreen.storyboard in Resources */,
				32E04A2926B93293004602DF /* Assets.xcassets in Resources */,
			);
			runOnlyForDeploymentPostprocessing = 0;
		};
		32E04A3026B93294004602DF /* Resources */ = {
			isa = PBXResourcesBuildPhase;
			buildActionMask = 2147483647;
			files = (
			);
			runOnlyForDeploymentPostprocessing = 0;
		};
		32E04A3B26B93294004602DF /* Resources */ = {
			isa = PBXResourcesBuildPhase;
			buildActionMask = 2147483647;
			files = (
			);
			runOnlyForDeploymentPostprocessing = 0;
		};
/* End PBXResourcesBuildPhase section */

/* Begin PBXShellScriptBuildPhase section */
		79E5A3978B6E726937725363 /* [CP] Check Pods Manifest.lock */ = {
			isa = PBXShellScriptBuildPhase;
			buildActionMask = 2147483647;
			files = (
			);
			inputFileListPaths = (
			);
			inputPaths = (
				"${PODS_PODFILE_DIR_PATH}/Podfile.lock",
				"${PODS_ROOT}/Manifest.lock",
			);
			name = "[CP] Check Pods Manifest.lock";
			outputFileListPaths = (
			);
			outputPaths = (
				"$(DERIVED_FILE_DIR)/Pods-GiphyTestTests-checkManifestLockResult.txt",
			);
			runOnlyForDeploymentPostprocessing = 0;
			shellPath = /bin/sh;
			shellScript = "diff \"${PODS_PODFILE_DIR_PATH}/Podfile.lock\" \"${PODS_ROOT}/Manifest.lock\" > /dev/null\nif [ $? != 0 ] ; then\n    # print error to STDERR\n    echo \"error: The sandbox is not in sync with the Podfile.lock. Run 'pod install' or update your CocoaPods installation.\" >&2\n    exit 1\nfi\n# This output is used by Xcode 'outputs' to avoid re-running this script phase.\necho \"SUCCESS\" > \"${SCRIPT_OUTPUT_FILE_0}\"\n";
			showEnvVarsInLog = 0;
		};
		97F828728846584B18168416 /* [CP] Embed Pods Frameworks */ = {
			isa = PBXShellScriptBuildPhase;
			buildActionMask = 2147483647;
			files = (
			);
			inputFileListPaths = (
				"${PODS_ROOT}/Target Support Files/Pods-GiphyTest-GiphyTestUITests/Pods-GiphyTest-GiphyTestUITests-frameworks-${CONFIGURATION}-input-files.xcfilelist",
			);
			name = "[CP] Embed Pods Frameworks";
			outputFileListPaths = (
				"${PODS_ROOT}/Target Support Files/Pods-GiphyTest-GiphyTestUITests/Pods-GiphyTest-GiphyTestUITests-frameworks-${CONFIGURATION}-output-files.xcfilelist",
			);
			runOnlyForDeploymentPostprocessing = 0;
			shellPath = /bin/sh;
			shellScript = "\"${PODS_ROOT}/Target Support Files/Pods-GiphyTest-GiphyTestUITests/Pods-GiphyTest-GiphyTestUITests-frameworks.sh\"\n";
			showEnvVarsInLog = 0;
		};
		BDBB6085BA9AC3F2D3278B1D /* [CP] Check Pods Manifest.lock */ = {
			isa = PBXShellScriptBuildPhase;
			buildActionMask = 2147483647;
			files = (
			);
			inputFileListPaths = (
			);
			inputPaths = (
				"${PODS_PODFILE_DIR_PATH}/Podfile.lock",
				"${PODS_ROOT}/Manifest.lock",
			);
			name = "[CP] Check Pods Manifest.lock";
			outputFileListPaths = (
			);
			outputPaths = (
				"$(DERIVED_FILE_DIR)/Pods-GiphyTest-GiphyTestUITests-checkManifestLockResult.txt",
			);
			runOnlyForDeploymentPostprocessing = 0;
			shellPath = /bin/sh;
			shellScript = "diff \"${PODS_PODFILE_DIR_PATH}/Podfile.lock\" \"${PODS_ROOT}/Manifest.lock\" > /dev/null\nif [ $? != 0 ] ; then\n    # print error to STDERR\n    echo \"error: The sandbox is not in sync with the Podfile.lock. Run 'pod install' or update your CocoaPods installation.\" >&2\n    exit 1\nfi\n# This output is used by Xcode 'outputs' to avoid re-running this script phase.\necho \"SUCCESS\" > \"${SCRIPT_OUTPUT_FILE_0}\"\n";
			showEnvVarsInLog = 0;
		};
		DCC5D016B105461EBB455235 /* [CP] Embed Pods Frameworks */ = {
			isa = PBXShellScriptBuildPhase;
			buildActionMask = 2147483647;
			files = (
			);
			inputFileListPaths = (
				"${PODS_ROOT}/Target Support Files/Pods-GiphyTest/Pods-GiphyTest-frameworks-${CONFIGURATION}-input-files.xcfilelist",
			);
			name = "[CP] Embed Pods Frameworks";
			outputFileListPaths = (
				"${PODS_ROOT}/Target Support Files/Pods-GiphyTest/Pods-GiphyTest-frameworks-${CONFIGURATION}-output-files.xcfilelist",
			);
			runOnlyForDeploymentPostprocessing = 0;
			shellPath = /bin/sh;
			shellScript = "\"${PODS_ROOT}/Target Support Files/Pods-GiphyTest/Pods-GiphyTest-frameworks.sh\"\n";
			showEnvVarsInLog = 0;
		};
		E53F40B97200D182B5C07D32 /* [CP] Check Pods Manifest.lock */ = {
			isa = PBXShellScriptBuildPhase;
			buildActionMask = 2147483647;
			files = (
			);
			inputFileListPaths = (
			);
			inputPaths = (
				"${PODS_PODFILE_DIR_PATH}/Podfile.lock",
				"${PODS_ROOT}/Manifest.lock",
			);
			name = "[CP] Check Pods Manifest.lock";
			outputFileListPaths = (
			);
			outputPaths = (
				"$(DERIVED_FILE_DIR)/Pods-GiphyTest-checkManifestLockResult.txt",
			);
			runOnlyForDeploymentPostprocessing = 0;
			shellPath = /bin/sh;
			shellScript = "diff \"${PODS_PODFILE_DIR_PATH}/Podfile.lock\" \"${PODS_ROOT}/Manifest.lock\" > /dev/null\nif [ $? != 0 ] ; then\n    # print error to STDERR\n    echo \"error: The sandbox is not in sync with the Podfile.lock. Run 'pod install' or update your CocoaPods installation.\" >&2\n    exit 1\nfi\n# This output is used by Xcode 'outputs' to avoid re-running this script phase.\necho \"SUCCESS\" > \"${SCRIPT_OUTPUT_FILE_0}\"\n";
			showEnvVarsInLog = 0;
		};
/* End PBXShellScriptBuildPhase section */

/* Begin PBXSourcesBuildPhase section */
		32E04A1826B93290004602DF /* Sources */ = {
			isa = PBXSourcesBuildPhase;
			buildActionMask = 2147483647;
			files = (
				321258BD26B96BBD00B9F1FC /* HTTPMethod.swift in Sources */,
				32FAD43926B95610001EA393 /* GiphyListController.swift in Sources */,
				3218EE5926B9870200FEFC96 /* UIImageView+Extension.swift in Sources */,
				3212587C26B9594600B9F1FC /* GifCell.swift in Sources */,
				3218EE9226B98E9600FEFC96 /* UIViewController+Extension.swift in Sources */,
				3218EE5426B984A400FEFC96 /* User.swift in Sources */,
				321258CC26B96BF600B9F1FC /* NetworkManager.swift in Sources */,
				321258D126B96C2E00B9F1FC /* GiphyEndPoint.swift in Sources */,
				32FAD41126B950E3001EA393 /* SearchGiphy.swift in Sources */,
				321258A926B96B6C00B9F1FC /* URLParameterEncoding.swift in Sources */,
				32FAD40B26B95086001EA393 /* CoordinatorProtocol.swift in Sources */,
				32E04A8426B939E3004602DF /* MainCoordinator.swift in Sources */,
				32E04A7F26B939C0004602DF /* AppCoordinator.swift in Sources */,
				321258AE26B96B7F00B9F1FC /* ParameterEncoding.swift in Sources */,
				3218EE9826B98F6C00FEFC96 /* RealmManager.swift in Sources */,
				3218EE4A26B9844100FEFC96 /* Giphy.swift in Sources */,
				3218EEA026B98FD600FEFC96 /* Gif.swift in Sources */,
				321258C226B96BD200B9F1FC /* Router.swift in Sources */,
				3218EE4F26B9847200FEFC96 /* Images.swift in Sources */,
				32FAD43126B955E9001EA393 /* GiphyViewModel.swift in Sources */,
				321258B826B96BAC00B9F1FC /* HTTPTask.swift in Sources */,
				32FAD42326B95329001EA393 /* UIApplication+Extension.swift in Sources */,
				3212587426B9580200B9F1FC /* Constants.swift in Sources */,
				321258A426B96B5B00B9F1FC /* JSONParameterEncoder.swift in Sources */,
				3218EE5E26B988BD00FEFC96 /* UIImage+Extension.swift in Sources */,
				321258B326B96B9900B9F1FC /* NetworkLogger.swift in Sources */,
				3218EE2426B9758300FEFC96 /* InitialConfigurations.swift in Sources */,
				3218EE4526B9841900FEFC96 /* GiphyApiResponse.swift in Sources */,
				32E04A2026B93291004602DF /* AppDelegate.swift in Sources */,
				321258C726B96BE100B9F1FC /* EndPointType.swift in Sources */,
			);
			runOnlyForDeploymentPostprocessing = 0;
		};
		32E04A2E26B93294004602DF /* Sources */ = {
			isa = PBXSourcesBuildPhase;
			buildActionMask = 2147483647;
			files = (
				32E04A3726B93294004602DF /* GiphyTestTests.swift in Sources */,
			);
			runOnlyForDeploymentPostprocessing = 0;
		};
		32E04A3926B93294004602DF /* Sources */ = {
			isa = PBXSourcesBuildPhase;
			buildActionMask = 2147483647;
			files = (
				32E04A4226B93294004602DF /* GiphyTestUITests.swift in Sources */,
			);
			runOnlyForDeploymentPostprocessing = 0;
		};
/* End PBXSourcesBuildPhase section */

/* Begin PBXTargetDependency section */
		32E04A3426B93294004602DF /* PBXTargetDependency */ = {
			isa = PBXTargetDependency;
			target = 32E04A1B26B93290004602DF /* GiphyTest */;
			targetProxy = 32E04A3326B93294004602DF /* PBXContainerItemProxy */;
		};
		32E04A3F26B93294004602DF /* PBXTargetDependency */ = {
			isa = PBXTargetDependency;
			target = 32E04A1B26B93290004602DF /* GiphyTest */;
			targetProxy = 32E04A3E26B93294004602DF /* PBXContainerItemProxy */;
		};
/* End PBXTargetDependency section */

/* Begin PBXVariantGroup section */
		32E04A2A26B93293004602DF /* LaunchScreen.storyboard */ = {
			isa = PBXVariantGroup;
			children = (
				32E04A2B26B93293004602DF /* Base */,
			);
			name = LaunchScreen.storyboard;
			sourceTree = "<group>";
		};
/* End PBXVariantGroup section */

/* Begin XCBuildConfiguration section */
		32E04A4426B93294004602DF /* Debug */ = {
			isa = XCBuildConfiguration;
			buildSettings = {
				ALWAYS_SEARCH_USER_PATHS = NO;
				CLANG_ANALYZER_NONNULL = YES;
				CLANG_ANALYZER_NUMBER_OBJECT_CONVERSION = YES_AGGRESSIVE;
				CLANG_CXX_LANGUAGE_STANDARD = "gnu++14";
				CLANG_CXX_LIBRARY = "libc++";
				CLANG_ENABLE_MODULES = YES;
				CLANG_ENABLE_OBJC_ARC = YES;
				CLANG_ENABLE_OBJC_WEAK = YES;
				CLANG_WARN_BLOCK_CAPTURE_AUTORELEASING = YES;
				CLANG_WARN_BOOL_CONVERSION = YES;
				CLANG_WARN_COMMA = YES;
				CLANG_WARN_CONSTANT_CONVERSION = YES;
				CLANG_WARN_DEPRECATED_OBJC_IMPLEMENTATIONS = YES;
				CLANG_WARN_DIRECT_OBJC_ISA_USAGE = YES_ERROR;
				CLANG_WARN_DOCUMENTATION_COMMENTS = YES;
				CLANG_WARN_EMPTY_BODY = YES;
				CLANG_WARN_ENUM_CONVERSION = YES;
				CLANG_WARN_INFINITE_RECURSION = YES;
				CLANG_WARN_INT_CONVERSION = YES;
				CLANG_WARN_NON_LITERAL_NULL_CONVERSION = YES;
				CLANG_WARN_OBJC_IMPLICIT_RETAIN_SELF = YES;
				CLANG_WARN_OBJC_LITERAL_CONVERSION = YES;
				CLANG_WARN_OBJC_ROOT_CLASS = YES_ERROR;
				CLANG_WARN_QUOTED_INCLUDE_IN_FRAMEWORK_HEADER = YES;
				CLANG_WARN_RANGE_LOOP_ANALYSIS = YES;
				CLANG_WARN_STRICT_PROTOTYPES = YES;
				CLANG_WARN_SUSPICIOUS_MOVE = YES;
				CLANG_WARN_UNGUARDED_AVAILABILITY = YES_AGGRESSIVE;
				CLANG_WARN_UNREACHABLE_CODE = YES;
				CLANG_WARN__DUPLICATE_METHOD_MATCH = YES;
				COPY_PHASE_STRIP = NO;
				DEBUG_INFORMATION_FORMAT = dwarf;
				ENABLE_STRICT_OBJC_MSGSEND = YES;
				ENABLE_TESTABILITY = YES;
				GCC_C_LANGUAGE_STANDARD = gnu11;
				GCC_DYNAMIC_NO_PIC = NO;
				GCC_NO_COMMON_BLOCKS = YES;
				GCC_OPTIMIZATION_LEVEL = 0;
				GCC_PREPROCESSOR_DEFINITIONS = (
					"DEBUG=1",
					"$(inherited)",
				);
				GCC_WARN_64_TO_32_BIT_CONVERSION = YES;
				GCC_WARN_ABOUT_RETURN_TYPE = YES_ERROR;
				GCC_WARN_UNDECLARED_SELECTOR = YES;
				GCC_WARN_UNINITIALIZED_AUTOS = YES_AGGRESSIVE;
				GCC_WARN_UNUSED_FUNCTION = YES;
				GCC_WARN_UNUSED_VARIABLE = YES;
				IPHONEOS_DEPLOYMENT_TARGET = 14.4;
				MTL_ENABLE_DEBUG_INFO = INCLUDE_SOURCE;
				MTL_FAST_MATH = YES;
				ONLY_ACTIVE_ARCH = YES;
				SDKROOT = iphoneos;
				SWIFT_ACTIVE_COMPILATION_CONDITIONS = DEBUG;
				SWIFT_OPTIMIZATION_LEVEL = "-Onone";
			};
			name = Debug;
		};
		32E04A4526B93294004602DF /* Release */ = {
			isa = XCBuildConfiguration;
			buildSettings = {
				ALWAYS_SEARCH_USER_PATHS = NO;
				CLANG_ANALYZER_NONNULL = YES;
				CLANG_ANALYZER_NUMBER_OBJECT_CONVERSION = YES_AGGRESSIVE;
				CLANG_CXX_LANGUAGE_STANDARD = "gnu++14";
				CLANG_CXX_LIBRARY = "libc++";
				CLANG_ENABLE_MODULES = YES;
				CLANG_ENABLE_OBJC_ARC = YES;
				CLANG_ENABLE_OBJC_WEAK = YES;
				CLANG_WARN_BLOCK_CAPTURE_AUTORELEASING = YES;
				CLANG_WARN_BOOL_CONVERSION = YES;
				CLANG_WARN_COMMA = YES;
				CLANG_WARN_CONSTANT_CONVERSION = YES;
				CLANG_WARN_DEPRECATED_OBJC_IMPLEMENTATIONS = YES;
				CLANG_WARN_DIRECT_OBJC_ISA_USAGE = YES_ERROR;
				CLANG_WARN_DOCUMENTATION_COMMENTS = YES;
				CLANG_WARN_EMPTY_BODY = YES;
				CLANG_WARN_ENUM_CONVERSION = YES;
				CLANG_WARN_INFINITE_RECURSION = YES;
				CLANG_WARN_INT_CONVERSION = YES;
				CLANG_WARN_NON_LITERAL_NULL_CONVERSION = YES;
				CLANG_WARN_OBJC_IMPLICIT_RETAIN_SELF = YES;
				CLANG_WARN_OBJC_LITERAL_CONVERSION = YES;
				CLANG_WARN_OBJC_ROOT_CLASS = YES_ERROR;
				CLANG_WARN_QUOTED_INCLUDE_IN_FRAMEWORK_HEADER = YES;
				CLANG_WARN_RANGE_LOOP_ANALYSIS = YES;
				CLANG_WARN_STRICT_PROTOTYPES = YES;
				CLANG_WARN_SUSPICIOUS_MOVE = YES;
				CLANG_WARN_UNGUARDED_AVAILABILITY = YES_AGGRESSIVE;
				CLANG_WARN_UNREACHABLE_CODE = YES;
				CLANG_WARN__DUPLICATE_METHOD_MATCH = YES;
				COPY_PHASE_STRIP = NO;
				DEBUG_INFORMATION_FORMAT = "dwarf-with-dsym";
				ENABLE_NS_ASSERTIONS = NO;
				ENABLE_STRICT_OBJC_MSGSEND = YES;
				GCC_C_LANGUAGE_STANDARD = gnu11;
				GCC_NO_COMMON_BLOCKS = YES;
				GCC_WARN_64_TO_32_BIT_CONVERSION = YES;
				GCC_WARN_ABOUT_RETURN_TYPE = YES_ERROR;
				GCC_WARN_UNDECLARED_SELECTOR = YES;
				GCC_WARN_UNINITIALIZED_AUTOS = YES_AGGRESSIVE;
				GCC_WARN_UNUSED_FUNCTION = YES;
				GCC_WARN_UNUSED_VARIABLE = YES;
				IPHONEOS_DEPLOYMENT_TARGET = 14.4;
				MTL_ENABLE_DEBUG_INFO = NO;
				MTL_FAST_MATH = YES;
				SDKROOT = iphoneos;
				SWIFT_COMPILATION_MODE = wholemodule;
				SWIFT_OPTIMIZATION_LEVEL = "-O";
				VALIDATE_PRODUCT = YES;
			};
			name = Release;
		};
		32E04A4726B93294004602DF /* Debug */ = {
			isa = XCBuildConfiguration;
			baseConfigurationReference = 350F582D1288D5546A9AB411 /* Pods-GiphyTest.debug.xcconfig */;
			buildSettings = {
				ASSETCATALOG_COMPILER_APPICON_NAME = AppIcon;
				ASSETCATALOG_COMPILER_GLOBAL_ACCENT_COLOR_NAME = AccentColor;
				CODE_SIGN_STYLE = Automatic;
				DEVELOPMENT_TEAM = FP66U6AB37;
				INFOPLIST_FILE = "GiphyTest/Supporting Files/Info Plist/Info.plist";
				IPHONEOS_DEPLOYMENT_TARGET = 13.0;
				LD_RUNPATH_SEARCH_PATHS = (
					"$(inherited)",
					"@executable_path/Frameworks",
				);
				PRODUCT_BUNDLE_IDENTIFIER = com.GiphyTest;
				PRODUCT_NAME = "$(TARGET_NAME)";
				SWIFT_VERSION = 5.0;
				TARGETED_DEVICE_FAMILY = "1,2";
			};
			name = Debug;
		};
		32E04A4826B93294004602DF /* Release */ = {
			isa = XCBuildConfiguration;
			baseConfigurationReference = 418B4BD09066506770FB5EE7 /* Pods-GiphyTest.release.xcconfig */;
			buildSettings = {
				ASSETCATALOG_COMPILER_APPICON_NAME = AppIcon;
				ASSETCATALOG_COMPILER_GLOBAL_ACCENT_COLOR_NAME = AccentColor;
				CODE_SIGN_STYLE = Automatic;
				DEVELOPMENT_TEAM = FP66U6AB37;
				INFOPLIST_FILE = "GiphyTest/Supporting Files/Info Plist/Info.plist";
				IPHONEOS_DEPLOYMENT_TARGET = 13.0;
				LD_RUNPATH_SEARCH_PATHS = (
					"$(inherited)",
					"@executable_path/Frameworks",
				);
				PRODUCT_BUNDLE_IDENTIFIER = com.GiphyTest;
				PRODUCT_NAME = "$(TARGET_NAME)";
				SWIFT_VERSION = 5.0;
				TARGETED_DEVICE_FAMILY = "1,2";
			};
			name = Release;
		};
		32E04A4A26B93294004602DF /* Debug */ = {
			isa = XCBuildConfiguration;
			baseConfigurationReference = CBB129AA1C64BE662CD75D79 /* Pods-GiphyTestTests.debug.xcconfig */;
			buildSettings = {
				ALWAYS_EMBED_SWIFT_STANDARD_LIBRARIES = YES;
				BUNDLE_LOADER = "$(TEST_HOST)";
				CODE_SIGN_STYLE = Automatic;
				DEVELOPMENT_TEAM = FP66U6AB37;
				INFOPLIST_FILE = GiphyTestTests/Info.plist;
				IPHONEOS_DEPLOYMENT_TARGET = 14.4;
				LD_RUNPATH_SEARCH_PATHS = (
					"$(inherited)",
					"@executable_path/Frameworks",
					"@loader_path/Frameworks",
				);
				PRODUCT_BUNDLE_IDENTIFIER = com.GiphyTestTests;
				PRODUCT_NAME = "$(TARGET_NAME)";
				SWIFT_VERSION = 5.0;
				TARGETED_DEVICE_FAMILY = "1,2";
				TEST_HOST = "$(BUILT_PRODUCTS_DIR)/GiphyTest.app/GiphyTest";
			};
			name = Debug;
		};
		32E04A4B26B93294004602DF /* Release */ = {
			isa = XCBuildConfiguration;
			baseConfigurationReference = CE41ED2D9AE877E8F54DAF48 /* Pods-GiphyTestTests.release.xcconfig */;
			buildSettings = {
				ALWAYS_EMBED_SWIFT_STANDARD_LIBRARIES = YES;
				BUNDLE_LOADER = "$(TEST_HOST)";
				CODE_SIGN_STYLE = Automatic;
				DEVELOPMENT_TEAM = FP66U6AB37;
				INFOPLIST_FILE = GiphyTestTests/Info.plist;
				IPHONEOS_DEPLOYMENT_TARGET = 14.4;
				LD_RUNPATH_SEARCH_PATHS = (
					"$(inherited)",
					"@executable_path/Frameworks",
					"@loader_path/Frameworks",
				);
				PRODUCT_BUNDLE_IDENTIFIER = com.GiphyTestTests;
				PRODUCT_NAME = "$(TARGET_NAME)";
				SWIFT_VERSION = 5.0;
				TARGETED_DEVICE_FAMILY = "1,2";
				TEST_HOST = "$(BUILT_PRODUCTS_DIR)/GiphyTest.app/GiphyTest";
			};
			name = Release;
		};
		32E04A4D26B93294004602DF /* Debug */ = {
			isa = XCBuildConfiguration;
			baseConfigurationReference = 6EC979FF938918C2AAD34CF3 /* Pods-GiphyTest-GiphyTestUITests.debug.xcconfig */;
			buildSettings = {
				ALWAYS_EMBED_SWIFT_STANDARD_LIBRARIES = YES;
				CODE_SIGN_STYLE = Automatic;
				DEVELOPMENT_TEAM = FP66U6AB37;
				INFOPLIST_FILE = GiphyTestUITests/Info.plist;
				LD_RUNPATH_SEARCH_PATHS = (
					"$(inherited)",
					"@executable_path/Frameworks",
					"@loader_path/Frameworks",
				);
				PRODUCT_BUNDLE_IDENTIFIER = com.GiphyTestUITests;
				PRODUCT_NAME = "$(TARGET_NAME)";
				SWIFT_VERSION = 5.0;
				TARGETED_DEVICE_FAMILY = "1,2";
				TEST_TARGET_NAME = GiphyTest;
			};
			name = Debug;
		};
		32E04A4E26B93294004602DF /* Release */ = {
			isa = XCBuildConfiguration;
			baseConfigurationReference = A33CD845B6598C0ADF681272 /* Pods-GiphyTest-GiphyTestUITests.release.xcconfig */;
			buildSettings = {
				ALWAYS_EMBED_SWIFT_STANDARD_LIBRARIES = YES;
				CODE_SIGN_STYLE = Automatic;
				DEVELOPMENT_TEAM = FP66U6AB37;
				INFOPLIST_FILE = GiphyTestUITests/Info.plist;
				LD_RUNPATH_SEARCH_PATHS = (
					"$(inherited)",
					"@executable_path/Frameworks",
					"@loader_path/Frameworks",
				);
				PRODUCT_BUNDLE_IDENTIFIER = com.GiphyTestUITests;
				PRODUCT_NAME = "$(TARGET_NAME)";
				SWIFT_VERSION = 5.0;
				TARGETED_DEVICE_FAMILY = "1,2";
				TEST_TARGET_NAME = GiphyTest;
			};
			name = Release;
		};
/* End XCBuildConfiguration section */

/* Begin XCConfigurationList section */
		32E04A1726B93290004602DF /* Build configuration list for PBXProject "GiphyTest" */ = {
			isa = XCConfigurationList;
			buildConfigurations = (
				32E04A4426B93294004602DF /* Debug */,
				32E04A4526B93294004602DF /* Release */,
			);
			defaultConfigurationIsVisible = 0;
			defaultConfigurationName = Release;
		};
		32E04A4626B93294004602DF /* Build configuration list for PBXNativeTarget "GiphyTest" */ = {
			isa = XCConfigurationList;
			buildConfigurations = (
				32E04A4726B93294004602DF /* Debug */,
				32E04A4826B93294004602DF /* Release */,
			);
			defaultConfigurationIsVisible = 0;
			defaultConfigurationName = Release;
		};
		32E04A4926B93294004602DF /* Build configuration list for PBXNativeTarget "GiphyTestTests" */ = {
			isa = XCConfigurationList;
			buildConfigurations = (
				32E04A4A26B93294004602DF /* Debug */,
				32E04A4B26B93294004602DF /* Release */,
			);
			defaultConfigurationIsVisible = 0;
			defaultConfigurationName = Release;
		};
		32E04A4C26B93294004602DF /* Build configuration list for PBXNativeTarget "GiphyTestUITests" */ = {
			isa = XCConfigurationList;
			buildConfigurations = (
				32E04A4D26B93294004602DF /* Debug */,
				32E04A4E26B93294004602DF /* Release */,
			);
			defaultConfigurationIsVisible = 0;
			defaultConfigurationName = Release;
		};
/* End XCConfigurationList section */
	};
	rootObject = 32E04A1426B93290004602DF /* Project object */;
}
